
Microsoft Visual Studio Solution File, Format Version 12.00
# Visual Studio 15
VisualStudioVersion = 15.0.26124.0
MinimumVisualStudioVersion = 15.0.26124.0
Project("{2150E333-8FDC-42A3-9474-1A3956D46DE8}") = "src", "src", "{637379A4-2037-4DBF-93B0-4DB830268A97}"
EndProject
Project("{FAE04EC0-301F-11D3-BF4B-00C04F79EFBC}") = "DynamoDB.TestUtilities", "src\DynamoDB.TestUtilities\DynamoDB.TestUtilities.csproj", "{FB7EC9F7-163D-41B4-98BF-EAFB728F88D1}"
EndProject
Project("{2150E333-8FDC-42A3-9474-1A3956D46DE8}") = "test", "test", "{B0C0099A-AF06-4B45-A79C-FDA104D775AA}"
EndProject
Project("{FAE04EC0-301F-11D3-BF4B-00C04F79EFBC}") = "DynamoDB.TestUtilities.Examples", "test\DynamoDB.TestUtilities.Examples\DynamoDB.TestUtilities.Examples.csproj", "{FCF6EF98-12C0-4AAE-B443-743620B39A36}"
EndProject
Global
	GlobalSection(SolutionConfigurationPlatforms) = preSolution
		Debug|Any CPU = Debug|Any CPU
		Debug|x64 = Debug|x64
		Debug|x86 = Debug|x86
		Release|Any CPU = Release|Any CPU
		Release|x64 = Release|x64
		Release|x86 = Release|x86
	EndGlobalSection
	GlobalSection(SolutionProperties) = preSolution
		HideSolutionNode = FALSE
	EndGlobalSection
	GlobalSection(ProjectConfigurationPlatforms) = postSolution
		{FB7EC9F7-163D-41B4-98BF-EAFB728F88D1}.Debug|Any CPU.ActiveCfg = Debug|Any CPU
		{FB7EC9F7-163D-41B4-98BF-EAFB728F88D1}.Debug|Any CPU.Build.0 = Debug|Any CPU
		{FB7EC9F7-163D-41B4-98BF-EAFB728F88D1}.Debug|x64.ActiveCfg = Debug|Any CPU
		{FB7EC9F7-163D-41B4-98BF-EAFB728F88D1}.Debug|x64.Build.0 = Debug|Any CPU
		{FB7EC9F7-163D-41B4-98BF-EAFB728F88D1}.Debug|x86.ActiveCfg = Debug|Any CPU
		{FB7EC9F7-163D-41B4-98BF-EAFB728F88D1}.Debug|x86.Build.0 = Debug|Any CPU
		{FB7EC9F7-163D-41B4-98BF-EAFB728F88D1}.Release|Any CPU.ActiveCfg = Release|Any CPU
		{FB7EC9F7-163D-41B4-98BF-EAFB728F88D1}.Release|Any CPU.Build.0 = Release|Any CPU
		{FB7EC9F7-163D-41B4-98BF-EAFB728F88D1}.Release|x64.ActiveCfg = Release|Any CPU
		{FB7EC9F7-163D-41B4-98BF-EAFB728F88D1}.Release|x64.Build.0 = Release|Any CPU
		{FB7EC9F7-163D-41B4-98BF-EAFB728F88D1}.Release|x86.ActiveCfg = Release|Any CPU
		{FB7EC9F7-163D-41B4-98BF-EAFB728F88D1}.Release|x86.Build.0 = Release|Any CPU
		{FCF6EF98-12C0-4AAE-B443-743620B39A36}.Debug|Any CPU.ActiveCfg = Debug|Any CPU
		{FCF6EF98-12C0-4AAE-B443-743620B39A36}.Debug|Any CPU.Build.0 = Debug|Any CPU
		{FCF6EF98-12C0-4AAE-B443-743620B39A36}.Debug|x64.ActiveCfg = Debug|Any CPU
		{FCF6EF98-12C0-4AAE-B443-743620B39A36}.Debug|x64.Build.0 = Debug|Any CPU
		{FCF6EF98-12C0-4AAE-B443-743620B39A36}.Debug|x86.ActiveCfg = Debug|Any CPU
		{FCF6EF98-12C0-4AAE-B443-743620B39A36}.Debug|x86.Build.0 = Debug|Any CPU
		{FCF6EF98-12C0-4AAE-B443-743620B39A36}.Release|Any CPU.ActiveCfg = Release|Any CPU
		{FCF6EF98-12C0-4AAE-B443-743620B39A36}.Release|Any CPU.Build.0 = Release|Any CPU
		{FCF6EF98-12C0-4AAE-B443-743620B39A36}.Release|x64.ActiveCfg = Release|Any CPU
		{FCF6EF98-12C0-4AAE-B443-743620B39A36}.Release|x64.Build.0 = Release|Any CPU
		{FCF6EF98-12C0-4AAE-B443-743620B39A36}.Release|x86.ActiveCfg = Release|Any CPU
		{FCF6EF98-12C0-4AAE-B443-743620B39A36}.Release|x86.Build.0 = Release|Any CPU
	EndGlobalSection
	GlobalSection(NestedProjects) = preSolution
		{FB7EC9F7-163D-41B4-98BF-EAFB728F88D1} = {637379A4-2037-4DBF-93B0-4DB830268A97}
		{FCF6EF98-12C0-4AAE-B443-743620B39A36} = {B0C0099A-AF06-4B45-A79C-FDA104D775AA}
	EndGlobalSection
EndGlobal
